
Microsoft Visual Studio Solution File, Format Version 12.00
# Visual Studio Version 17
VisualStudioVersion = 17.5.002.0
MinimumVisualStudioVersion = 10.0.40219.1
Project("{9A19103F-16F7-4668-BE54-9A1E7A4F7556}") = "Atividade", "Atividade\Atividade.csproj", "{895987AA-2ACB-4998-AE63-4CE5C364E9A1}"
EndProject
Global
	GlobalSection(SolutionConfigurationPlatforms) = preSolution
		Debug|Any CPU = Debug|Any CPU
		Release|Any CPU = Release|Any CPU
	EndGlobalSection
	GlobalSection(ProjectConfigurationPlatforms) = postSolution
		{895987AA-2ACB-4998-AE63-4CE5C364E9A1}.Debug|Any CPU.ActiveCfg = Debug|Any CPU
		{895987AA-2ACB-4998-AE63-4CE5C364E9A1}.Debug|Any CPU.Build.0 = Debug|Any CPU
		{895987AA-2ACB-4998-AE63-4CE5C364E9A1}.Release|Any CPU.ActiveCfg = Release|Any CPU
		{895987AA-2ACB-4998-AE63-4CE5C364E9A1}.Release|Any CPU.Build.0 = Release|Any CPU
	EndGlobalSection
	GlobalSection(SolutionProperties) = preSolution
		HideSolutionNode = FALSE
	EndGlobalSection
	GlobalSection(ExtensibilityGlobals) = postSolution
		SolutionGuid = {C2BC7603-C67F-4FB8-991B-80C23876B0A9}
	EndGlobalSection
EndGlobal
